
Microsoft Visual Studio Solution File, Format Version 12.00
Project("{2150E333-8FDC-42A3-9474-1A3956D46DE8}") = "src", "src", "{8ED774F4-D429-4B82-B768-50DCA8EFF609}"
EndProject
Project("{2150E333-8FDC-42A3-9474-1A3956D46DE8}") = "tests", "tests", "{792FFE57-F1A0-47A4-9E2A-80F75FF2F8DB}"
EndProject
Project("{2150E333-8FDC-42A3-9474-1A3956D46DE8}") = "common", "common", "{21E20419-0C74-46BC-9D7D-A24CEEC29ACC}"
	ProjectSection(SolutionItems) = preProject
		Directory.Build.props = Directory.Build.props
		Directory.Packages.props = Directory.Packages.props
		.editorconfig = .editorconfig
	EndProjectSection
EndProject
Project("{2150E333-8FDC-42A3-9474-1A3956D46DE8}") = "Lab", "Lab", "{55C309C9-B7DE-4F64-AFDE-A33F9C2AB2D4}"
EndProject
Project("{FAE04EC0-301F-11D3-BF4B-00C04F79EFBC}") = "Lab.Tests", "tests\Lab.Tests\Lab.Tests.csproj", "{FA627A62-AD7A-4A72-B15C-EC8AEFD206DB}"
EndProject
Project("{2150E333-8FDC-42A3-9474-1A3956D46DE8}") = "Application", "Application", "{AC467C1D-E723-42F2-ADCF-5EC7211F60DE}"
EndProject
Project("{2150E333-8FDC-42A3-9474-1A3956D46DE8}") = "Domain", "Domain", "{BC379FF9-BEF1-4816-981E-AC50F4B6F0FB}"
EndProject
Project("{2150E333-8FDC-42A3-9474-1A3956D46DE8}") = "Infrastructure", "Infrastructure", "{FA8218B5-98E8-4B6D-9A1D-A86497E94455}"
EndProject
Project("{2150E333-8FDC-42A3-9474-1A3956D46DE8}") = "Presentation", "Presentation", "{43344523-9AF0-465C-82F5-0A56308FB1B2}"
EndProject
Project("{FAE04EC0-301F-11D3-BF4B-00C04F79EFBC}") = "Domain.Models", "src\Domain.Models\Domain.Models.csproj", "{6CDB93CA-642D-48CC-8874-31CF516A6777}"
EndProject
Project("{FAE04EC0-301F-11D3-BF4B-00C04F79EFBC}") = "Domain.Exceptions", "src\Domain.Exceptions\Domain.Exceptions.csproj", "{4A6CE1FF-BEC5-4872-9552-9EE6C6BE8DD9}"
EndProject
Project("{FAE04EC0-301F-11D3-BF4B-00C04F79EFBC}") = "Domain.Services", "src\Domain.Services\Domain.Services.csproj", "{3F85CF22-DFE8-41F5-803E-10B776A5E155}"
EndProject
Project("{FAE04EC0-301F-11D3-BF4B-00C04F79EFBC}") = "Infrastructure.DataAccess", "src\Infrastructure.DataAccess\Infrastructure.DataAccess.csproj", "{AF7C70AC-4ADB-4E14-8929-8B9F5202E7A8}"
EndProject
Project("{FAE04EC0-301F-11D3-BF4B-00C04F79EFBC}") = "Application.Services", "src\Application.Services\Application.Services.csproj", "{11B858DB-6B5D-453E-BCBC-37F565C4CC76}"
EndProject
Project("{FAE04EC0-301F-11D3-BF4B-00C04F79EFBC}") = "Presentation.Console", "src\Presentation.Console\Presentation.Console.csproj", "{B602DA2F-2EAB-4BB9-8EC5-65F0031B7B7B}"
EndProject
Project("{FAE04EC0-301F-11D3-BF4B-00C04F79EFBC}") = "ConsoleApplication", "src\ConsoleApplication\ConsoleApplication.csproj", "{69AE4F2B-2915-4E05-A252-C9DEAE016DE1}"
EndProject
Global
	GlobalSection(SolutionConfigurationPlatforms) = preSolution
		Debug|Any CPU = Debug|Any CPU
		Release|Any CPU = Release|Any CPU
	EndGlobalSection
	GlobalSection(NestedProjects) = preSolution
		{55C309C9-B7DE-4F64-AFDE-A33F9C2AB2D4} = {8ED774F4-D429-4B82-B768-50DCA8EFF609}
		{FA627A62-AD7A-4A72-B15C-EC8AEFD206DB} = {792FFE57-F1A0-47A4-9E2A-80F75FF2F8DB}
		{AC467C1D-E723-42F2-ADCF-5EC7211F60DE} = {55C309C9-B7DE-4F64-AFDE-A33F9C2AB2D4}
		{BC379FF9-BEF1-4816-981E-AC50F4B6F0FB} = {55C309C9-B7DE-4F64-AFDE-A33F9C2AB2D4}
		{FA8218B5-98E8-4B6D-9A1D-A86497E94455} = {55C309C9-B7DE-4F64-AFDE-A33F9C2AB2D4}
		{43344523-9AF0-465C-82F5-0A56308FB1B2} = {55C309C9-B7DE-4F64-AFDE-A33F9C2AB2D4}
		{6CDB93CA-642D-48CC-8874-31CF516A6777} = {BC379FF9-BEF1-4816-981E-AC50F4B6F0FB}
		{4A6CE1FF-BEC5-4872-9552-9EE6C6BE8DD9} = {BC379FF9-BEF1-4816-981E-AC50F4B6F0FB}
		{3F85CF22-DFE8-41F5-803E-10B776A5E155} = {BC379FF9-BEF1-4816-981E-AC50F4B6F0FB}
		{AF7C70AC-4ADB-4E14-8929-8B9F5202E7A8} = {FA8218B5-98E8-4B6D-9A1D-A86497E94455}
		{11B858DB-6B5D-453E-BCBC-37F565C4CC76} = {AC467C1D-E723-42F2-ADCF-5EC7211F60DE}
		{B602DA2F-2EAB-4BB9-8EC5-65F0031B7B7B} = {43344523-9AF0-465C-82F5-0A56308FB1B2}
		{69AE4F2B-2915-4E05-A252-C9DEAE016DE1} = {55C309C9-B7DE-4F64-AFDE-A33F9C2AB2D4}
	EndGlobalSection
	GlobalSection(ProjectConfigurationPlatforms) = postSolution
		{FA627A62-AD7A-4A72-B15C-EC8AEFD206DB}.Debug|Any CPU.ActiveCfg = Debug|Any CPU
		{FA627A62-AD7A-4A72-B15C-EC8AEFD206DB}.Debug|Any CPU.Build.0 = Debug|Any CPU
		{FA627A62-AD7A-4A72-B15C-EC8AEFD206DB}.Release|Any CPU.ActiveCfg = Release|Any CPU
		{FA627A62-AD7A-4A72-B15C-EC8AEFD206DB}.Release|Any CPU.Build.0 = Release|Any CPU
		{6CDB93CA-642D-48CC-8874-31CF516A6777}.Debug|Any CPU.ActiveCfg = Debug|Any CPU
		{6CDB93CA-642D-48CC-8874-31CF516A6777}.Debug|Any CPU.Build.0 = Debug|Any CPU
		{6CDB93CA-642D-48CC-8874-31CF516A6777}.Release|Any CPU.ActiveCfg = Release|Any CPU
		{6CDB93CA-642D-48CC-8874-31CF516A6777}.Release|Any CPU.Build.0 = Release|Any CPU
		{4A6CE1FF-BEC5-4872-9552-9EE6C6BE8DD9}.Debug|Any CPU.ActiveCfg = Debug|Any CPU
		{4A6CE1FF-BEC5-4872-9552-9EE6C6BE8DD9}.Debug|Any CPU.Build.0 = Debug|Any CPU
		{4A6CE1FF-BEC5-4872-9552-9EE6C6BE8DD9}.Release|Any CPU.ActiveCfg = Release|Any CPU
		{4A6CE1FF-BEC5-4872-9552-9EE6C6BE8DD9}.Release|Any CPU.Build.0 = Release|Any CPU
		{3F85CF22-DFE8-41F5-803E-10B776A5E155}.Debug|Any CPU.ActiveCfg = Debug|Any CPU
		{3F85CF22-DFE8-41F5-803E-10B776A5E155}.Debug|Any CPU.Build.0 = Debug|Any CPU
		{3F85CF22-DFE8-41F5-803E-10B776A5E155}.Release|Any CPU.ActiveCfg = Release|Any CPU
		{3F85CF22-DFE8-41F5-803E-10B776A5E155}.Release|Any CPU.Build.0 = Release|Any CPU
		{AF7C70AC-4ADB-4E14-8929-8B9F5202E7A8}.Debug|Any CPU.ActiveCfg = Debug|Any CPU
		{AF7C70AC-4ADB-4E14-8929-8B9F5202E7A8}.Debug|Any CPU.Build.0 = Debug|Any CPU
		{AF7C70AC-4ADB-4E14-8929-8B9F5202E7A8}.Release|Any CPU.ActiveCfg = Release|Any CPU
		{AF7C70AC-4ADB-4E14-8929-8B9F5202E7A8}.Release|Any CPU.Build.0 = Release|Any CPU
		{11B858DB-6B5D-453E-BCBC-37F565C4CC76}.Debug|Any CPU.ActiveCfg = Debug|Any CPU
		{11B858DB-6B5D-453E-BCBC-37F565C4CC76}.Debug|Any CPU.Build.0 = Debug|Any CPU
		{11B858DB-6B5D-453E-BCBC-37F565C4CC76}.Release|Any CPU.ActiveCfg = Release|Any CPU
		{11B858DB-6B5D-453E-BCBC-37F565C4CC76}.Release|Any CPU.Build.0 = Release|Any CPU
		{B602DA2F-2EAB-4BB9-8EC5-65F0031B7B7B}.Debug|Any CPU.ActiveCfg = Debug|Any CPU
		{B602DA2F-2EAB-4BB9-8EC5-65F0031B7B7B}.Debug|Any CPU.Build.0 = Debug|Any CPU
		{B602DA2F-2EAB-4BB9-8EC5-65F0031B7B7B}.Release|Any CPU.ActiveCfg = Release|Any CPU
		{B602DA2F-2EAB-4BB9-8EC5-65F0031B7B7B}.Release|Any CPU.Build.0 = Release|Any CPU
		{69AE4F2B-2915-4E05-A252-C9DEAE016DE1}.Debug|Any CPU.ActiveCfg = Debug|Any CPU
		{69AE4F2B-2915-4E05-A252-C9DEAE016DE1}.Debug|Any CPU.Build.0 = Debug|Any CPU
		{69AE4F2B-2915-4E05-A252-C9DEAE016DE1}.Release|Any CPU.ActiveCfg = Release|Any CPU
		{69AE4F2B-2915-4E05-A252-C9DEAE016DE1}.Release|Any CPU.Build.0 = Release|Any CPU
	EndGlobalSection
EndGlobal
